<?xml version="1.0" encoding="utf-8"?>
<Project ToolsVersion="4.0" xmlns="http://schemas.microsoft.com/developer/msbuild/2003">
  <ItemGroup>
    <ClCompile Include="main.cpp" />
    <ClCompile Include="scene\BaseScene.cpp" />
    <ClCompile Include="scene\EndScene.cpp" />
    <ClCompile Include="scene\GameScene.cpp" />
    <ClCompile Include="scene\SceneMng.cpp" />
    <ClCompile Include="scene\TitleScene.cpp" />
    <ClCompile Include="stage\StageMng.cpp" />
    <ClCompile Include="stage\Stage.cpp" />
    <ClCompile Include="stage\SweetsMap.cpp" />
    <ClCompile Include="_debug\_DebugConOut.cpp" />
    <ClCompile Include="_debug\_DebugDispOut.cpp" />
    <ClCompile Include="scene\Obj\Player.cpp" />
    <ClCompile Include="stage\SweetsOutMap.cpp" />
    <ClCompile Include="stage\SweetsSchoolMap.cpp" />
    <ClCompile Include="stage\TempleInMap.cpp" />
    <ClCompile Include="stage\templeMap.cpp" />
    <ClCompile Include="stage\ForestInMap.cpp" />
    <ClCompile Include="stage\ForestMap.cpp" />
    <ClCompile Include="scene\Obj\Aitem.cpp" />
    <ClCompile Include="scene\Obj\Menu.cpp" />
    <ClCompile Include="scene\Transition\CrossOver.cpp" />
    <ClCompile Include="scene\Transition\FadeInOut.cpp" />
    <ClCompile Include="scene\Transition\TransitionScene.cpp" />
    <ClCompile Include="scene\Input\Keyboard.cpp" />
    <ClCompile Include="scene\SelectScene.cpp" />
    <ClCompile Include="stage\CaveMap.cpp" />
    <ClCompile Include="stage\CaveShop.cpp" />
    <ClCompile Include="stage\DarkTemple.cpp" />
    <ClCompile Include="stage\WaMap.cpp" />
    <ClCompile Include="stage\WaShop.cpp" />
    <ClCompile Include="stage\WaMap.cpp" />
    <ClCompile Include="stage\WaShop.cpp" />
    <ClCompile Include="scene\Obj\BGM.cpp" />
    <ClCompile Include="scene\Obj\Npc.cpp" />
    <ClCompile Include="scene\Obj\Chat.cpp" />
    <ClCompile Include="scene\Obj\Quest.cpp" />
    <ClCompile Include="stage\Layer.cpp" />
    <ClCompile Include="scene\Obj\shop.cpp" />
    <ClCompile Include="stage\transitionStage\FadeInStage.cpp" />
    <ClCompile Include="scene\EventScene.cpp" />
    <ClCompile Include="scene\Obj\wshop.cpp" />
    <ClCompile Include="scene\Obj\UI.cpp" />
    <ClCompile Include="stage\SnowCaveMap.cpp" />
    <ClCompile Include="stage\SnowMap.cpp" />
    <ClCompile Include="scene\Obj\Masuku.cpp" />
    <ClCompile Include="stage\SnowShopMap.cpp" />
  </ItemGroup>
  <ItemGroup>
    <ClCompile Include="main.cpp">
      <Filter>ソース ファイル</Filter>
    </ClCompile>
    <ClCompile Include="scene\BaseScene.cpp">
      <Filter>ソース ファイル</Filter>
    </ClCompile>
    <ClCompile Include="_debug\_DebugConOut.cpp">
      <Filter>ソース ファイル</Filter>
    </ClCompile>
    <ClCompile Include="_debug\_DebugDispOut.cpp">
      <Filter>ソース ファイル</Filter>
    </ClCompile>
    <ClCompile Include="scene\SceneMng.cpp">
      <Filter>ソース ファイル</Filter>
    </ClCompile>
    <ClCompile Include="scene\TitleScene.cpp">
      <Filter>ソース ファイル</Filter>
    </ClCompile>
    <ClCompile Include="scene\GameScene.cpp">
      <Filter>ソース ファイル</Filter>
    </ClCompile>
    <ClCompile Include="scene\EndScene.cpp">
      <Filter>ソース ファイル</Filter>
    </ClCompile>
    <ClCompile Include="stage\Stage.cpp">
      <Filter>ソース ファイル</Filter>
    </ClCompile>
    <ClCompile Include="stage\StageMng.cpp">
      <Filter>ソース ファイル</Filter>
    </ClCompile>
    <ClCompile Include="stage\ForestMap.cpp">
      <Filter>ソース ファイル</Filter>
    </ClCompile>
  </ItemGroup>
  <ItemGroup>
    <ClInclude Include="common\details\Vector2.h" />
    <ClInclude Include="common\Vector2.h" />
    <ClInclude Include="scene\BaseScene.h" />
    <ClInclude Include="scene\EndScene.h" />
    <ClInclude Include="scene\GameScene.h" />
    <ClInclude Include="scene\SceneMng.h" />
    <ClInclude Include="scene\TitleScene.h" />
    <ClInclude Include="stage\StageMng.h" />
    <ClInclude Include="stage\Stage.h" />
    <ClInclude Include="stage\SweetsMap.h" />
    <ClInclude Include="_debug\_DebugConOut.h" />
    <ClInclude Include="_debug\_DebugDispOut.h" />
    <ClInclude Include="scene\Obj\Player.h" />
    <ClInclude Include="stage\SweetsOutMap.h" />
    <ClInclude Include="stage\SweetsSchoolMap.h" />
    <ClInclude Include="stage\TempleInMap.h" />
    <ClInclude Include="stage\templeMap.h" />
    <ClInclude Include="stage\ForestInMap.h" />
    <ClInclude Include="stage\ForestMap.h" />
    <ClInclude Include="scene\Obj\Aitem.h" />
    <ClInclude Include="scene\Obj\Menu.h" />
    <ClInclude Include="scene\Transition\CrossOver.h" />
    <ClInclude Include="scene\Transition\FadeInOut.h" />
    <ClInclude Include="scene\Transition\TransitionScene.h" />
    <ClInclude Include="scene\Input\Input.h" />
    <ClInclude Include="scene\Input\Keyboard.h" />
    <ClInclude Include="scene\SelectScene.h" />
    <ClInclude Include="common\details\Vector2.h" />
    <ClInclude Include="common\Vector2.h" />
    <ClInclude Include="stage\CaveMap.h" />
    <ClInclude Include="stage\CaveShop.h" />
    <ClInclude Include="stage\DarkTemple.h" />
    <ClInclude Include="stage\ForestMap.h" />
    <ClInclude Include="scene\BaseScene.h" />
    <ClInclude Include="scene\EndScene.h" />
    <ClInclude Include="scene\GameScene.h" />
    <ClInclude Include="scene\SceneMng.h" />
    <ClInclude Include="scene\TitleScene.h" />
    <ClInclude Include="stage\StageMng.h" />
    <ClInclude Include="stage\Stage.h" />
    <ClInclude Include="stage\WaMap.h" />
    <ClInclude Include="stage\WaShop.h" />
    <ClInclude Include="_debug\_DebugConOut.h" />
    <ClInclude Include="_debug\_DebugDispOut.h" />
    <ClInclude Include="scene\Obj\BGM.h" />
    <ClInclude Include="scene\Obj\Npc.h" />
    <ClInclude Include="scene\Obj\Chat.h" />
    <ClInclude Include="scene\Obj\Quest.h" />
    <ClInclude Include="stage\Layer.h" />
    <ClInclude Include="scene\Obj\shop.h" />
    <ClInclude Include="stage\transitionStage\FadeInStage.h" />
    <ClInclude Include="scene\EventScene.h" />
    <ClInclude Include="scene\Obj\wshop.h" />
    <ClInclude Include="scene\Obj\UI.h" />
    <ClInclude Include="stage\SnowMap.h" />
    <ClInclude Include="stage\SnowCaveMap.h" />
    <ClInclude Include="scene\Obj\Masuku.h" />
    <ClInclude Include="stage\SnowShopMap.h" />
  </ItemGroup>
</Project>