<?xml version="1.0" encoding="utf-8"?>
<Project ToolsVersion="4.0" xmlns="http://schemas.microsoft.com/developer/msbuild/2003">
  <ItemGroup>
    <ClCompile Include="main.cpp" />
    <ClCompile Include="scene\BaseScene.cpp" />
    <ClCompile Include="scene\EndScene.cpp" />
    <ClCompile Include="scene\GameScene.cpp" />
    <ClCompile Include="scene\SceneMng.cpp" />
    <ClCompile Include="scene\TitleScene.cpp" />
    <ClCompile Include="stage\StageMng.cpp" />
    <ClCompile Include="stage\Stage.cpp" />
    <ClCompile Include="stage\SweetsMap.cpp" />
    <ClCompile Include="_debug\_DebugConOut.cpp" />
    <ClCompile Include="_debug\_DebugDispOut.cpp" />
    <ClCompile Include="scene\Obj\Player.cpp" />
    <ClCompile Include="stage\SweetsOutMap.cpp" />
    <ClCompile Include="stage\SweetsSchoolMap.cpp" />
    <ClCompile Include="stage\TempleInMap.cpp" />
    <ClCompile Include="stage\templeMap.cpp" />
    <ClCompile Include="stage\ForestInMap.cpp" />
    <ClCompile Include="stage\ForestMap.cpp" />
    <ClCompile Include="..\..\..\ciel\scene\SelectScene.cpp" />
  </ItemGroup>
  <ItemGroup>
    <ClInclude Include="common\details\Vector2.h" />
    <ClInclude Include="common\Vector2.h" />
    <ClInclude Include="scene\BaseScene.h" />
    <ClInclude Include="scene\EndScene.h" />
    <ClInclude Include="scene\GameScene.h" />
    <ClInclude Include="scene\SceneMng.h" />
    <ClInclude Include="scene\TitleScene.h" />
    <ClInclude Include="stage\StageMng.h" />
    <ClInclude Include="stage\Stage.h" />
    <ClInclude Include="stage\SweetsMap.h" />
    <ClInclude Include="_debug\_DebugConOut.h" />
    <ClInclude Include="_debug\_DebugDispOut.h" />
    <ClInclude Include="scene\Obj\Player.h" />
    <ClInclude Include="stage\SweetsOutMap.h" />
    <ClInclude Include="stage\SweetsSchoolMap.h" />
    <ClInclude Include="stage\TempleInMap.h" />
    <ClInclude Include="stage\templeMap.h" />
    <ClInclude Include="stage\ForestInMap.h" />
    <ClInclude Include="stage\ForestMap.h" />
    <ClInclude Include="..\..\..\ciel\scene\SelectScene.h" />
  </ItemGroup>
</Project>