<?xml version="1.0" encoding="utf-8"?>
<Project ToolsVersion="4.0" xmlns="http://schemas.microsoft.com/developer/msbuild/2003">
  <ItemGroup>
    <ClCompile Include="main.cpp" />
    <ClCompile Include="scene\BaseScene.cpp" />
    <ClCompile Include="scene\EndScene.cpp" />
    <ClCompile Include="scene\GameScene.cpp" />
    <ClCompile Include="scene\SceneMng.cpp" />
    <ClCompile Include="scene\TitleScene.cpp" />
    <ClCompile Include="stage\StageMng.cpp" />
    <ClCompile Include="stage\Stage.cpp" />
    <ClCompile Include="stage\SweetsMap.cpp" />
    <ClCompile Include="_debug\_DebugConOut.cpp" />
    <ClCompile Include="_debug\_DebugDispOut.cpp" />
    <ClCompile Include="scene\Obj\Player.cpp" />
    <ClCompile Include="stage\SweetsOutMap.cpp" />
    <ClCompile Include="stage\SweetsSchoolMap.cpp" />
    <ClCompile Include="stage\TempleInMap.cpp" />
    <ClCompile Include="stage\templeMap.cpp" />
    <ClCompile Include="stage\ForestInMap.cpp" />
    <ClCompile Include="stage\ForestMap.cpp" />
    <ClCompile Include="scene\Obj\Aitem.cpp" />
    <ClCompile Include="scene\Obj\Menu.cpp" />
    <ClCompile Include="scene\Transition\CrossOver.cpp" />
    <ClCompile Include="scene\Transition\FadeInOut.cpp" />
    <ClCompile Include="scene\Transition\TransitionScene.cpp" />
    <ClCompile Include="stage\transitionStage\TraStage.cpp" />
    <ClCompile Include="stage\transitionStage\FadeInStage.cpp" />
    <ClCompile Include="scene\Input\Keyboard.cpp" />
    <ClCompile Include="scene\SelectScene.cpp" />
  </ItemGroup>
  <ItemGroup>
    <ClCompile Include="main.cpp">
      <Filter>ソース ファイル</Filter>
    </ClCompile>
    <ClCompile Include="scene\BaseScene.cpp">
      <Filter>ソース ファイル</Filter>
    </ClCompile>
    <ClCompile Include="_debug\_DebugConOut.cpp">
      <Filter>ソース ファイル</Filter>
    </ClCompile>
    <ClCompile Include="_debug\_DebugDispOut.cpp">
      <Filter>ソース ファイル</Filter>
    </ClCompile>
    <ClCompile Include="scene\SceneMng.cpp">
      <Filter>ソース ファイル</Filter>
    </ClCompile>
    <ClCompile Include="scene\TitleScene.cpp">
      <Filter>ソース ファイル</Filter>
    </ClCompile>
    <ClCompile Include="scene\GameScene.cpp">
      <Filter>ソース ファイル</Filter>
    </ClCompile>
    <ClCompile Include="scene\EndScene.cpp">
      <Filter>ソース ファイル</Filter>
    </ClCompile>
    <ClCompile Include="stage\Stage.cpp">
      <Filter>ソース ファイル</Filter>
    </ClCompile>
    <ClCompile Include="stage\StageMng.cpp">
      <Filter>ソース ファイル</Filter>
    </ClCompile>
    <ClCompile Include="stage\ForestMap.cpp">
      <Filter>ソース ファイル</Filter>
    </ClCompile>
    <ClCompile Include="stage\WaMap.cpp">
      <Filter>ソース ファイル</Filter>
    </ClCompile>
    <ClCompile Include="stage\CaveMap.cpp">
      <Filter>ソース ファイル</Filter>
    </ClCompile>
    <ClCompile Include="stage\WaShop.cpp">
      <Filter>ソース ファイル</Filter>
    </ClCompile>
    <ClCompile Include="stage\CaveShop.cpp">
      <Filter>ソース ファイル</Filter>
    </ClCompile>
    <ClCompile Include="stage\DarkTemple.cpp">
      <Filter>ソース ファイル</Filter>
    </ClCompile>
  </ItemGroup>
  <ItemGroup>
    <ClInclude Include="scene\BaseScene.h">
      <Filter>ヘッダー ファイル</Filter>
    </ClInclude>
    <ClInclude Include="common\details\Vector2.h">
      <Filter>ヘッダー ファイル</Filter>
    </ClInclude>
    <ClInclude Include="common\Vector2.h">
      <Filter>ヘッダー ファイル</Filter>
    </ClInclude>
    <ClInclude Include="_debug\_DebugConOut.h">
      <Filter>ヘッダー ファイル</Filter>
    </ClInclude>
    <ClInclude Include="_debug\_DebugDispOut.h">
      <Filter>ヘッダー ファイル</Filter>
    </ClInclude>
    <ClInclude Include="scene\SceneMng.h">
      <Filter>ヘッダー ファイル</Filter>
    </ClInclude>
    <ClInclude Include="scene\TitleScene.h">
      <Filter>ヘッダー ファイル</Filter>
    </ClInclude>
    <ClInclude Include="scene\GameScene.h">
      <Filter>ヘッダー ファイル</Filter>
    </ClInclude>
    <ClInclude Include="scene\EndScene.h">
      <Filter>ヘッダー ファイル</Filter>
    </ClInclude>
    <ClInclude Include="stage\Stage.h">
      <Filter>ヘッダー ファイル</Filter>
    </ClInclude>
    <ClInclude Include="stage\StageMng.h">
      <Filter>ヘッダー ファイル</Filter>
    </ClInclude>
    <ClInclude Include="stage\ForestMap.h">
      <Filter>ヘッダー ファイル</Filter>
    </ClInclude>
    <ClInclude Include="stage\WaMap.h">
      <Filter>ヘッダー ファイル</Filter>
    </ClInclude>
    <ClInclude Include="stage\CaveMap.h">
      <Filter>ヘッダー ファイル</Filter>
    </ClInclude>
    <ClInclude Include="stage\WaShop.h">
      <Filter>ヘッダー ファイル</Filter>
    </ClInclude>
    <ClInclude Include="stage\CaveShop.h">
      <Filter>ヘッダー ファイル</Filter>
    </ClInclude>
    <ClInclude Include="stage\DarkTemple.h">
      <Filter>ヘッダー ファイル</Filter>
    </ClInclude>

    <ClInclude Include="common\details\Vector2.h" />
    <ClInclude Include="common\Vector2.h" />
    <ClInclude Include="scene\BaseScene.h" />
    <ClInclude Include="scene\EndScene.h" />
    <ClInclude Include="scene\GameScene.h" />
    <ClInclude Include="scene\SceneMng.h" />
    <ClInclude Include="scene\TitleScene.h" />
    <ClInclude Include="stage\StageMng.h" />
    <ClInclude Include="stage\Stage.h" />
    <ClInclude Include="stage\SweetsMap.h" />
    <ClInclude Include="_debug\_DebugConOut.h" />
    <ClInclude Include="_debug\_DebugDispOut.h" />
    <ClInclude Include="scene\Obj\Player.h" />
    <ClInclude Include="stage\SweetsOutMap.h" />
    <ClInclude Include="stage\SweetsSchoolMap.h" />
    <ClInclude Include="stage\TempleInMap.h" />
    <ClInclude Include="stage\templeMap.h" />
    <ClInclude Include="stage\ForestInMap.h" />
    <ClInclude Include="stage\ForestMap.h" />

    <ClInclude Include="scene\Obj\Aitem.h" />
    <ClInclude Include="scene\Obj\Menu.h" />
    <ClInclude Include="scene\Transition\CrossOver.h" />
    <ClInclude Include="scene\Transition\FadeInOut.h" />
    <ClInclude Include="scene\Transition\TransitionScene.h" />
    <ClInclude Include="stage\transitionStage\TraStage.h" />
    <ClInclude Include="stage\transitionStage\FadeInStage.h" />
    <ClInclude Include="scene\Input\Input.h" />
    <ClInclude Include="scene\Input\Keyboard.h" />
    <ClInclude Include="scene\SelectScene.h" />

  </ItemGroup>
</Project>